# THIS IS AN AUTOGENERATED FILE. DO NOT EDIT THIS FILE DIRECTLY.
# yarn lockfile v1


"@dreamworld/dw-form@^2.1.0":
  version "2.1.0"
  resolved "https://registry.yarnpkg.com/@dreamworld/dw-form/-/dw-form-2.1.0.tgz#e980f82a9a6cb240d4442373c04526ca1658db1c"
  integrity sha512-AaikcQ5tQjXQvaf3V7YJrrqmEMTND+Zz0vtkSYdfa5qx/NxM8OD09ZZYitTNs075nPPd73gA6eG2FiNoetghnA==
  dependencies:
    "@dreamworld/pwa-helpers" "^1.7.1"
    "@material/mwc-formfield" "^0.20.0"
    lit-element "^2.0.1"
    lodash-es "^4.17.15"

"@dreamworld/dw-icon-button@^2.1.0":
  version "2.1.0"
  resolved "https://registry.yarnpkg.com/@dreamworld/dw-icon-button/-/dw-icon-button-2.1.0.tgz#09c7841a94ba5925d9f68cab20a4132cef6290f8"
  integrity sha512-jeAEFVlf7RoiCNTC89rtCEmIH5Hdl50MuuDp1nOWIRzTmn1O5HNJgaHMwg7H49aGRqBSaQawc1p70ll7n74tkQ==
  dependencies:
    "@dreamworld/dw-icon" "^2.1.0"
    "@dreamworld/flex-layout" "^1.0.0"
    "@dreamworld/pwa-helpers" "^1.8.0"
    "@dreamworld/web-util" "^1.2.0"
    "@material/mwc-base" "0.20.0"
    lit-element "^2.2.0"

"@dreamworld/dw-icon@^2.1.0":
  version "2.1.0"
  resolved "https://registry.yarnpkg.com/@dreamworld/dw-icon/-/dw-icon-2.1.0.tgz#2d7061ad6b077514c7970728f296e4f308946e5c"
  integrity sha512-t/NOOGDKOyS6+Oi8MF4q2OsNqMGipMjlgpO9fgG4TFpel48zd/k6THLTlxpxYzmYyLF7WK2wOzrFVS1kT52U2A==
  dependencies:
    "@dreamworld/pwa-helpers" "^1.7.1"
    "@material/mwc-icon" "0.20.0"
    lit-element "^2.2.0"

"@dreamworld/dw-input@^2.1.0":
  version "2.1.0"
  resolved "https://registry.yarnpkg.com/@dreamworld/dw-input/-/dw-input-2.1.0.tgz#ae25dc8cc255c140271d7e45a18e5c91565f74e3"
  integrity sha512-ctq2oeAsWITXRuAOAWgOPx/uuRjHhh5J14c5OG7DxhiVsD8ZcVqCSXNOucJvfMnlJwCa7HVgfrWEwAb9r8jDRQ==
  dependencies:
    "@dreamworld/dw-form" "^2.1.0"
    "@dreamworld/dw-icon-button" "^2.1.0"
    "@dreamworld/material-styles" "^1.1.0"
    "@material/textfield" "9.0.0-canary.1c156d69d.0"
    lit-element "^2.2.1"

"@dreamworld/flex-layout@^1.0.0":
  version "1.1.1"
  resolved "https://registry.yarnpkg.com/@dreamworld/flex-layout/-/flex-layout-1.1.1.tgz#89ddedc09292b7e2a55271126ca9f83501595a15"
  integrity sha512-EMVQBXnmAMhWm0YzLol0ZOQ67Qxvtsr6IamM2drb8mcp0XQ5rxqMzSUK1eon/y/0ybStQQw5pTv3GqrgGlZrTQ==
  dependencies:
    lit-element "^2.1.0"

"@dreamworld/material-styles@^1.1.0":
  version "1.2.1"
  resolved "https://registry.yarnpkg.com/@dreamworld/material-styles/-/material-styles-1.2.1.tgz#00db7a937787597f48a3aee7906641ed9d6ac777"
  integrity sha512-vxYOA6s0vRj7Un3ckgMk/ntmvzNI9TUJHVEukD2YqYt/Es6fInHkSI7DjZjUg4FZPVN28ws+NjLzr+C/BcJ4yg==
  dependencies:
    "@polymer/font-roboto" "^3.0.2"
    lit-element "^2.2.0"

"@dreamworld/pwa-helpers@1.12.0-add-function-to-check-elements-registration-stat.1", "@dreamworld/pwa-helpers@^1.12.0-add-function-to-check-elements-registration-stat.1", "@dreamworld/pwa-helpers@^1.7.1", "@dreamworld/pwa-helpers@^1.8.0":
  version "1.12.0-add-function-to-check-elements-registration-stat.1"
  resolved "https://registry.yarnpkg.com/@dreamworld/pwa-helpers/-/pwa-helpers-1.12.0-add-function-to-check-elements-registration-stat.1.tgz#510dff391d7a5ad4899e02f141306f1743cb19e0"
  integrity sha512-uUmoeiZ1/NMCAN5oCOaWwf56JyTPWl2Am4d2jq5pyyj+mXSmIAfdIvNtpSS6I9DzznLUqr8478jWwUVNV1FZ1Q==
  dependencies:
    bowser "^2.8.1"
    lit-element "^2.2.1"
    lodash-es "^4.17.15"
    pwa-helpers "^0.9.1"

"@dreamworld/web-util@^1.2.0":
  version "1.4.4"
  resolved "https://registry.yarnpkg.com/@dreamworld/web-util/-/web-util-1.4.4.tgz#1125fb8cc8a7aa12e6b0422996df504c8b5df554"
  integrity sha512-QdC/U+fX3onm7P11FVOrmwIRveYP6rrVAqyoO7BLJ98wL4X7rJGlIXBu5FdZ0SE8moyFCmkkWm/1gIzG+62pdQ==

"@material/animation@9.0.0-canary.1c156d69d.0":
  version "9.0.0-canary.1c156d69d.0"
  resolved "https://registry.yarnpkg.com/@material/animation/-/animation-9.0.0-canary.1c156d69d.0.tgz#53acc1253d1286f6d4cfaf3a778229cbd19ab000"
  integrity sha512-m3eUpFRwxcP1tEWJlIH5q77YGSYEe5ITRw5OtyDvxU7ZzF0xKJbBeauQEdCmyig9UvK+J7jUUnCgkT/t/ldLtw==
  dependencies:
    tslib "^1.9.3"

"@material/base@9.0.0-canary.1c156d69d.0", "@material/base@=9.0.0-canary.1c156d69d.0":
  version "9.0.0-canary.1c156d69d.0"
  resolved "https://registry.yarnpkg.com/@material/base/-/base-9.0.0-canary.1c156d69d.0.tgz#84f365077dfae12a31a32bfc7f9ba673fe56b2db"
  integrity sha512-r98qY6EsPx6BlzT0Pj+H+BTI7r76GEX/zZPgajxZjbPAJSeeK+uCh69Dmhf63meLKaFkKgvLwH5udKJLMqqjpQ==
  dependencies:
    tslib "^1.9.3"

"@material/density@9.0.0-canary.1c156d69d.0":
  version "9.0.0-canary.1c156d69d.0"
  resolved "https://registry.yarnpkg.com/@material/density/-/density-9.0.0-canary.1c156d69d.0.tgz#ca2a2a5f4ea31520d717a41a6343c104acee3005"
  integrity sha512-Y87bUpTsXNDOi1q5NVRBxIyTUAFda1PP1Z9HOvgpV19n7/F6YLrttLGcOFSRFfx9btUKf4EddctBzwzBrF71TQ==

"@material/dom@9.0.0-canary.1c156d69d.0", "@material/dom@=9.0.0-canary.1c156d69d.0":
  version "9.0.0-canary.1c156d69d.0"
  resolved "https://registry.yarnpkg.com/@material/dom/-/dom-9.0.0-canary.1c156d69d.0.tgz#ffba86848f77cdce5ac2cfe494a97cb82af5c714"
  integrity sha512-AwiQDzquolB7rqy8k4+QMVQ8Njb6k0CT+otJ/UNJbj0qNVXZB4njVaWRWrWCt70hYp1rG0cRNkZ01ZJDqABUFw==
  dependencies:
    "@material/feature-targeting" "9.0.0-canary.1c156d69d.0"
    tslib "^1.9.3"

"@material/feature-targeting@9.0.0-canary.1c156d69d.0":
  version "9.0.0-canary.1c156d69d.0"
  resolved "https://registry.yarnpkg.com/@material/feature-targeting/-/feature-targeting-9.0.0-canary.1c156d69d.0.tgz#feaf37af156811a088958e653e6c08e66f567d2a"
  integrity sha512-HWd0+GMnkVB3anmUc9+MeWCNoogAbb4U7ihzwq7lzLCQyC+i/kunppkUVV7DhL3ZVl1O6zIw1eAT+dgQpN8x4Q==

"@material/floating-label@9.0.0-canary.1c156d69d.0":
  version "9.0.0-canary.1c156d69d.0"
  resolved "https://registry.yarnpkg.com/@material/floating-label/-/floating-label-9.0.0-canary.1c156d69d.0.tgz#055fdd9729b030e45c4bc8089daf24c716c76126"
  integrity sha512-Brws2RwJsQkWo1Pa4WmW9Y3HFk/LAkSjrDnQl1BQCwRr1cYW2fVzFvFxvmN4XTO/k/wBuLhqGTBmyWyJJMpZ6w==
  dependencies:
    "@material/animation" "9.0.0-canary.1c156d69d.0"
    "@material/base" "9.0.0-canary.1c156d69d.0"
    "@material/dom" "9.0.0-canary.1c156d69d.0"
    "@material/feature-targeting" "9.0.0-canary.1c156d69d.0"
    "@material/rtl" "9.0.0-canary.1c156d69d.0"
    "@material/theme" "9.0.0-canary.1c156d69d.0"
    "@material/typography" "9.0.0-canary.1c156d69d.0"
    tslib "^1.9.3"

"@material/form-field@=9.0.0-canary.1c156d69d.0":
  version "9.0.0-canary.1c156d69d.0"
  resolved "https://registry.yarnpkg.com/@material/form-field/-/form-field-9.0.0-canary.1c156d69d.0.tgz#2f44c9704c8a4aef54376819573f835983686e89"
  integrity sha512-v1KWGRj4Qf9SESLswtlrdm/B6TmNkQsh5CZSM2xL2ZXe/k/KNgbLgM4ofHJApwW3QWYVBfA8nT/MlIvJJivd9w==
  dependencies:
    "@material/base" "9.0.0-canary.1c156d69d.0"
    "@material/feature-targeting" "9.0.0-canary.1c156d69d.0"
    "@material/ripple" "9.0.0-canary.1c156d69d.0"
    "@material/rtl" "9.0.0-canary.1c156d69d.0"
    "@material/theme" "9.0.0-canary.1c156d69d.0"
    "@material/typography" "9.0.0-canary.1c156d69d.0"
    tslib "^1.9.3"

"@material/line-ripple@9.0.0-canary.1c156d69d.0":
  version "9.0.0-canary.1c156d69d.0"
  resolved "https://registry.yarnpkg.com/@material/line-ripple/-/line-ripple-9.0.0-canary.1c156d69d.0.tgz#a0b275edbd9a039a1143ec4d8789a29e903c90af"
  integrity sha512-TmfT5/qzyp/NQrT1shlg7yynhMYJVmkFv0r38aZ80O0fIKo4mEqtcSVQZGXr8acBRCdWgItrRikv5U7TB6uNTg==
  dependencies:
    "@material/animation" "9.0.0-canary.1c156d69d.0"
    "@material/base" "9.0.0-canary.1c156d69d.0"
    "@material/feature-targeting" "9.0.0-canary.1c156d69d.0"
    "@material/theme" "9.0.0-canary.1c156d69d.0"
    tslib "^1.9.3"

"@material/mwc-base@0.20.0", "@material/mwc-base@^0.20.0":
  version "0.20.0"
  resolved "https://registry.yarnpkg.com/@material/mwc-base/-/mwc-base-0.20.0.tgz#9753d357ea3fb9010985487a4d582bf273de1aaf"
  integrity sha512-q35jN1TGBts3LzKk2RVtgBpLDfBfRrx2hJ4GEVAeJsEGiO5CZrCD0bPlZSRTammzQBbDAh7szvhMiWo0TkRaWw==
  dependencies:
    "@material/base" "=9.0.0-canary.1c156d69d.0"
    "@material/dom" "=9.0.0-canary.1c156d69d.0"
    lit-element "^2.3.0"
    tslib "^2.0.1"

"@material/mwc-formfield@^0.20.0":
  version "0.20.0"
  resolved "https://registry.yarnpkg.com/@material/mwc-formfield/-/mwc-formfield-0.20.0.tgz#dd3e25778aad624a0d13f5b8a33c95bf1aa3883f"
  integrity sha512-Rrk2ah5gNHD4O/yYWdwHvH3kGddaZXbdiZPCTpYDlTHG63CMUsAENJy8Fu8ZCC23nxbWfBeejtbB/Da+0VZWig==
  dependencies:
    "@material/form-field" "=9.0.0-canary.1c156d69d.0"
    "@material/mwc-base" "^0.20.0"
    lit-element "^2.3.0"
    lit-html "^1.1.2"
    tslib "^2.0.1"

"@material/mwc-icon@0.20.0":
  version "0.20.0"
  resolved "https://registry.yarnpkg.com/@material/mwc-icon/-/mwc-icon-0.20.0.tgz#c2c42bca9145d4a75f63b4ce1567270b41986b47"
  integrity sha512-YCtzWbJVSZGcvWKVHwIhwfGMLEqAmRSVGcXTCAH/rOzGU7RkOxQkfNDkLAuTRAX9a7HYQStIJ39ENVcysElljg==
  dependencies:
    lit-element "^2.3.0"
    tslib "^2.0.1"

"@material/notched-outline@9.0.0-canary.1c156d69d.0":
  version "9.0.0-canary.1c156d69d.0"
  resolved "https://registry.yarnpkg.com/@material/notched-outline/-/notched-outline-9.0.0-canary.1c156d69d.0.tgz#a3821fee8afa689167d9ab951206dc1c45c2d8b4"
  integrity sha512-lyIFYE6V/LFGhMAbmmPNQGby5pqbf4JwSiVu0jlEtBy9P+H6x/0iDO9OjaR+YUSHUo4ht9UfuDSfrCHJ/3og0w==
  dependencies:
    "@material/base" "9.0.0-canary.1c156d69d.0"
    "@material/feature-targeting" "9.0.0-canary.1c156d69d.0"
    "@material/floating-label" "9.0.0-canary.1c156d69d.0"
    "@material/rtl" "9.0.0-canary.1c156d69d.0"
    "@material/shape" "9.0.0-canary.1c156d69d.0"
    "@material/theme" "9.0.0-canary.1c156d69d.0"
    tslib "^1.9.3"

"@material/ripple@9.0.0-canary.1c156d69d.0":
  version "9.0.0-canary.1c156d69d.0"
  resolved "https://registry.yarnpkg.com/@material/ripple/-/ripple-9.0.0-canary.1c156d69d.0.tgz#1cbfec1c94640140f6c1c0f43a3582a82dbc7671"
  integrity sha512-F1e/LQmYHQFORM/C3hchmANnRwJCXlc7Cp7W+VGpvJdtdzYlTd8DKKcShuOozxUQOjutbNf+Ql8gpZIdYRQaoQ==
  dependencies:
    "@material/animation" "9.0.0-canary.1c156d69d.0"
    "@material/base" "9.0.0-canary.1c156d69d.0"
    "@material/dom" "9.0.0-canary.1c156d69d.0"
    "@material/feature-targeting" "9.0.0-canary.1c156d69d.0"
    "@material/theme" "9.0.0-canary.1c156d69d.0"
    tslib "^1.9.3"

"@material/rtl@9.0.0-canary.1c156d69d.0":
  version "9.0.0-canary.1c156d69d.0"
  resolved "https://registry.yarnpkg.com/@material/rtl/-/rtl-9.0.0-canary.1c156d69d.0.tgz#0ff1f89f95ea4c67f030e56ce3ffdbfefcea225b"
  integrity sha512-ICx0trLFna0M1Ina/1Nat9aSiB64o7VMs8wyCcidX//n7qFDOb0AtU9h2IB+lvX/UmPZVsDAoaL8iVm6RAqygg==
  dependencies:
    "@material/theme" "9.0.0-canary.1c156d69d.0"

"@material/shape@9.0.0-canary.1c156d69d.0":
  version "9.0.0-canary.1c156d69d.0"
  resolved "https://registry.yarnpkg.com/@material/shape/-/shape-9.0.0-canary.1c156d69d.0.tgz#6d42d7004ed09b4493abf3f732bb855d3c3996ed"
  integrity sha512-3NPm+LNFfY4xsiwy/jo+kY3WIFDwlVyJhq+eimjZ9vpG7STBPyzi1LpiPKvsrk0rmvsy3M0c1alM8E+BQ5+UAg==
  dependencies:
    "@material/feature-targeting" "9.0.0-canary.1c156d69d.0"
    "@material/rtl" "9.0.0-canary.1c156d69d.0"
    "@material/theme" "9.0.0-canary.1c156d69d.0"

"@material/textfield@9.0.0-canary.1c156d69d.0":
  version "9.0.0-canary.1c156d69d.0"
  resolved "https://registry.yarnpkg.com/@material/textfield/-/textfield-9.0.0-canary.1c156d69d.0.tgz#2126dc03a0e830d4ff541b150d1bb26db61a074a"
  integrity sha512-pE6qL6j8d+hLLLRl6S2dwWWrvNdj69XUn5BTkImgGcQw9r74TU+b/JVz+WcRG6Ys2s2wdbZalntJbTa20zfzFw==
  dependencies:
    "@material/animation" "9.0.0-canary.1c156d69d.0"
    "@material/base" "9.0.0-canary.1c156d69d.0"
    "@material/density" "9.0.0-canary.1c156d69d.0"
    "@material/dom" "9.0.0-canary.1c156d69d.0"
    "@material/feature-targeting" "9.0.0-canary.1c156d69d.0"
    "@material/floating-label" "9.0.0-canary.1c156d69d.0"
    "@material/line-ripple" "9.0.0-canary.1c156d69d.0"
    "@material/notched-outline" "9.0.0-canary.1c156d69d.0"
    "@material/ripple" "9.0.0-canary.1c156d69d.0"
    "@material/rtl" "9.0.0-canary.1c156d69d.0"
    "@material/shape" "9.0.0-canary.1c156d69d.0"
    "@material/theme" "9.0.0-canary.1c156d69d.0"
    "@material/typography" "9.0.0-canary.1c156d69d.0"
    tslib "^1.9.3"

"@material/theme@9.0.0-canary.1c156d69d.0":
  version "9.0.0-canary.1c156d69d.0"
  resolved "https://registry.yarnpkg.com/@material/theme/-/theme-9.0.0-canary.1c156d69d.0.tgz#2d733dea8f762cc8e35969915dfb3b7359147d1e"
  integrity sha512-r1610TPwUplt4FHMk7cR06Oz1jU/G31wBIh4Frs/YIB0ZonVlI5cZdIkG0IFtNt9ZYWoDwfP/1nQBxdqrDPPhg==
  dependencies:
    "@material/feature-targeting" "9.0.0-canary.1c156d69d.0"

"@material/typography@9.0.0-canary.1c156d69d.0":
  version "9.0.0-canary.1c156d69d.0"
  resolved "https://registry.yarnpkg.com/@material/typography/-/typography-9.0.0-canary.1c156d69d.0.tgz#340328147eaa86efacfad601b6dbdff7ac0388ac"
  integrity sha512-+JgMe2fIP+lVh4l5qXfjH9/JWd+LnfDEiVr2clWHgAc3pc2LQm6VVgUbNkrX3yeWql0x7I/inGfQovza8BeYAw==
  dependencies:
    "@material/feature-targeting" "9.0.0-canary.1c156d69d.0"
    "@material/theme" "9.0.0-canary.1c156d69d.0"

"@polymer/font-roboto@^3.0.2":
  version "3.0.2"
  resolved "https://registry.yarnpkg.com/@polymer/font-roboto/-/font-roboto-3.0.2.tgz#80cdaa7225db2359130dfb2c6d9a3be1820020c3"
  integrity sha512-tx5TauYSmzsIvmSqepUPDYbs4/Ejz2XbZ1IkD7JEGqkdNUJlh+9KU85G56Tfdk/xjEZ8zorFfN09OSwiMrIQWA==

"@polymer/iron-a11y-announcer@^3.0.0":
  version "3.1.0"
  resolved "https://registry.yarnpkg.com/@polymer/iron-a11y-announcer/-/iron-a11y-announcer-3.1.0.tgz#3d3712a165070ed3cdfc39e54f95515c913c9613"
  integrity sha512-lc5i4NKB8kSQHH0Hwu8WS3ym93m+J69OHJWSSBxwd17FI+h2wmgxDzeG9LI4ojMMck17/uc2pLe7g/UHt5/K/A==
  dependencies:
    "@polymer/polymer" "^3.0.0"

"@polymer/iron-a11y-keys-behavior@^3.0.0":
  version "3.0.1"
  resolved "https://registry.yarnpkg.com/@polymer/iron-a11y-keys-behavior/-/iron-a11y-keys-behavior-3.0.1.tgz#2868ea72912d2007ffab4734684a91f5aac49b84"
  integrity sha512-lnrjKq3ysbBPT/74l0Fj0U9H9C35Tpw2C/tpJ8a+5g8Y3YJs1WSZYnEl1yOkw6sEyaxOq/1DkzH0+60gGu5/PQ==
  dependencies:
    "@polymer/polymer" "^3.0.0"

"@polymer/iron-flex-layout@^3.0.0-pre.26":
  version "3.0.1"
  resolved "https://registry.yarnpkg.com/@polymer/iron-flex-layout/-/iron-flex-layout-3.0.1.tgz#36f9e1a8eb792d279b2bc75d362628721ad37f0c"
  integrity sha512-7gB869czArF+HZcPTVSgvA7tXYFze9EKckvM95NB7SqYF+NnsQyhoXgKnpFwGyo95lUjUW9TFDLUwDXnCYFtkw==
  dependencies:
    "@polymer/polymer" "^3.0.0"

"@polymer/iron-icon@^3.0.0":
  version "3.0.1"
  resolved "https://registry.yarnpkg.com/@polymer/iron-icon/-/iron-icon-3.0.1.tgz#93211c39d8825fe4965a68419566036c1df291eb"
  integrity sha512-QLPwirk+UPZNaLnMew9VludXA4CWUCenRewgEcGYwdzVgDPCDbXxy6vRJjmweZobMQv/oVLppT2JZtJFnPxX6g==
  dependencies:
    "@polymer/iron-flex-layout" "^3.0.0-pre.26"
    "@polymer/iron-meta" "^3.0.0-pre.26"
    "@polymer/polymer" "^3.0.0"

"@polymer/iron-iconset-svg@^3.0.0":
  version "3.0.1"
  resolved "https://registry.yarnpkg.com/@polymer/iron-iconset-svg/-/iron-iconset-svg-3.0.1.tgz#568d6e7dbc120299dae63be3600aeba0d30ddbea"
  integrity sha512-XNwURbNHRw6u2fJe05O5fMYye6GSgDlDqCO+q6K1zAnKIrpgZwf2vTkBd5uCcZwsN0FyCB3mvNZx4jkh85dRDw==
  dependencies:
    "@polymer/iron-meta" "^3.0.0-pre.26"
    "@polymer/polymer" "^3.0.0"

"@polymer/iron-media-query@^3.0.0":
  version "3.0.1"
  resolved "https://registry.yarnpkg.com/@polymer/iron-media-query/-/iron-media-query-3.0.1.tgz#5cd8a1c1e8c9b8bafd3dd5da14e0f8d2cfa76d83"
  integrity sha512-czUX1pm1zfmfcZtq5J57XFkcobBv08Y50exp0/3v8Bos5VL/jv2tU0RwiTfDBxUMhjicGbgwEBFQPY2V5DMzyw==
  dependencies:
    "@polymer/polymer" "^3.0.0"

"@polymer/iron-meta@^3.0.0-pre.26":
  version "3.0.1"
  resolved "https://registry.yarnpkg.com/@polymer/iron-meta/-/iron-meta-3.0.1.tgz#7f140628d127b0a284f882f1bb323a261bc125f5"
  integrity sha512-pWguPugiLYmWFV9UWxLWzZ6gm4wBwQdDy4VULKwdHCqR7OP7u98h+XDdGZsSlDPv6qoryV/e3tGHlTIT0mbzJA==
  dependencies:
    "@polymer/polymer" "^3.0.0"

"@polymer/iron-resizable-behavior@^3.0.0":
  version "3.0.1"
  resolved "https://registry.yarnpkg.com/@polymer/iron-resizable-behavior/-/iron-resizable-behavior-3.0.1.tgz#e284348ed7c1c7e263f7039297532fa954025ea2"
  integrity sha512-FyHxRxFspVoRaeZSWpT3y0C9awomb4tXXolIJcZ7RvXhMP632V5lez+ch5G5SwK0LpnAPkg35eB0LPMFv+YMMQ==
  dependencies:
    "@polymer/polymer" "^3.0.0"

"@polymer/polymer@^3.0.0":
  version "3.4.1"
  resolved "https://registry.yarnpkg.com/@polymer/polymer/-/polymer-3.4.1.tgz#333bef25711f8411bb5624fb3eba8212ef8bee96"
  integrity sha512-KPWnhDZibtqKrUz7enIPOiO4ZQoJNOuLwqrhV2MXzIt3VVnUVJVG5ORz4Z2sgO+UZ+/UZnPD0jqY+jmw/+a9mQ==
  dependencies:
    "@webcomponents/shadycss" "^1.9.1"

"@vaadin/vaadin-button@^2.4.0":
  version "2.4.0"
  resolved "https://registry.yarnpkg.com/@vaadin/vaadin-button/-/vaadin-button-2.4.0.tgz#ecbdd0bf57d9992ec861ee912af0b78315ce5993"
  integrity sha512-C94F07OOb5Ciq2BY4CklIQG+WJFA6QoTFDQl8JJloJgPI12b9kmyP8uRgfq4VAHHusqKqIvA8AB6VZuGg5lagg==
  dependencies:
    "@polymer/polymer" "^3.0.0"
    "@vaadin/vaadin-control-state-mixin" "^2.2.1"
    "@vaadin/vaadin-element-mixin" "^2.4.1"
    "@vaadin/vaadin-lumo-styles" "^1.3.3"
    "@vaadin/vaadin-material-styles" "^1.2.0"
    "@vaadin/vaadin-themable-mixin" "^1.6.1"

"@vaadin/vaadin-control-state-mixin@^2.2.1", "@vaadin/vaadin-control-state-mixin@^2.2.2":
  version "2.2.4"
  resolved "https://registry.yarnpkg.com/@vaadin/vaadin-control-state-mixin/-/vaadin-control-state-mixin-2.2.4.tgz#9c3779228ada8a9062ad18356e6a9a4317b8a162"
  integrity sha512-oGsNaWbM6RisY1LkyWYtwnw+DtSRSpkFDbemEOtkYezj+Hhsd9+07LqILaUU4pB0zPaRq+uq+2tKba/TL3t23g==
  dependencies:
    "@polymer/polymer" "^3.0.0"

"@vaadin/vaadin-date-picker@^4.0.3":
  version "4.4.1"
  resolved "https://registry.yarnpkg.com/@vaadin/vaadin-date-picker/-/vaadin-date-picker-4.4.1.tgz#f5f7cf4b36e91fbcfce2791d5251ad5e966e464d"
  integrity sha512-BVUrrnCIdPt6jkIC5RHsjsjDR5KanEAGNxJ9gBM70pQsvZEBksmKo1RJwXvra1uXHLHl8gyz4W+p3MRUDqX1fA==
  dependencies:
    "@polymer/iron-a11y-announcer" "^3.0.0"
    "@polymer/iron-a11y-keys-behavior" "^3.0.0"
    "@polymer/iron-media-query" "^3.0.0"
    "@polymer/iron-resizable-behavior" "^3.0.0"
    "@polymer/polymer" "^3.0.0"
    "@vaadin/vaadin-button" "^2.4.0"
    "@vaadin/vaadin-control-state-mixin" "^2.2.2"
    "@vaadin/vaadin-element-mixin" "^2.4.1"
    "@vaadin/vaadin-lumo-styles" "^1.6.0"
    "@vaadin/vaadin-material-styles" "^1.3.2"
    "@vaadin/vaadin-overlay" "^3.5.0"
    "@vaadin/vaadin-text-field" "^2.8.0"
    "@vaadin/vaadin-themable-mixin" "^1.6.1"

"@vaadin/vaadin-development-mode-detector@^2.0.0":
  version "2.0.4"
  resolved "https://registry.yarnpkg.com/@vaadin/vaadin-development-mode-detector/-/vaadin-development-mode-detector-2.0.4.tgz#f49c8009856bead92d248377c36b295b5aae78e5"
  integrity sha512-S+PaFrZpK8uBIOnIHxjntTrgumd5ztuCnZww96ydGKXgo9whXfZsbMwDuD/102a/IuPUMyF+dh/n3PbWzJ6igA==

"@vaadin/vaadin-element-mixin@^2.4.0", "@vaadin/vaadin-element-mixin@^2.4.1":
  version "2.4.2"
  resolved "https://registry.yarnpkg.com/@vaadin/vaadin-element-mixin/-/vaadin-element-mixin-2.4.2.tgz#3c8040a8e756bc274b7777723b1fba2b9895cd41"
  integrity sha512-VSDVK0XUsFe/RohpwSzQwgqb2Pwpok6sDNhIDS4CARr3HPhq2voMzT/FowFbkEy0J1hFtN/ZfC7tkv3kdEKKIQ==
  dependencies:
    "@polymer/polymer" "^3.0.0"
    "@vaadin/vaadin-development-mode-detector" "^2.0.0"
    "@vaadin/vaadin-usage-statistics" "^2.1.0"

"@vaadin/vaadin-lumo-styles@^1.3.0", "@vaadin/vaadin-lumo-styles@^1.3.3", "@vaadin/vaadin-lumo-styles@^1.6.0":
  version "1.6.1"
  resolved "https://registry.yarnpkg.com/@vaadin/vaadin-lumo-styles/-/vaadin-lumo-styles-1.6.1.tgz#2099227b0f646ead16f7289e704b6a793594bf5c"
  integrity sha512-Yh9ZcekpY7byXP1QJnfx94rVvK71xHBEspsVV7LL7YMvqXU4EAYuzQGYsljryV4PGS9PFPD6sqbGqhEkIhHPnQ==
  dependencies:
    "@polymer/iron-icon" "^3.0.0"
    "@polymer/iron-iconset-svg" "^3.0.0"
    "@polymer/polymer" "^3.0.0"

"@vaadin/vaadin-material-styles@^1.2.0", "@vaadin/vaadin-material-styles@^1.3.2":
  version "1.3.2"
  resolved "https://registry.yarnpkg.com/@vaadin/vaadin-material-styles/-/vaadin-material-styles-1.3.2.tgz#d2c1bd290db16721152ae672dbe052c381686696"
  integrity sha512-EFrvGScoxhLNrPnWtT2Ia77whjF2TD4jrcyeh1jv9joCA2n5SUba+4XJciVSGmopqqQato6lwRnZSvMLJX7cyw==
  dependencies:
    "@polymer/polymer" "^3.0.0"

"@vaadin/vaadin-overlay@^3.5.0":
  version "3.5.1"
  resolved "https://registry.yarnpkg.com/@vaadin/vaadin-overlay/-/vaadin-overlay-3.5.1.tgz#c4391b3c6c1f7a512b0a6f0dd96f11480feed402"
  integrity sha512-0g+poK/BXF92L2lSKrHMY5rcKzUxCBZNzP/NDwgi4a86nbjL7CAKKZdno7Yl+j8UsTR76nOEw4fAYTFi86B0qg==
  dependencies:
    "@polymer/polymer" "^3.0.0"
    "@vaadin/vaadin-element-mixin" "^2.4.0"
    "@vaadin/vaadin-lumo-styles" "^1.3.0"
    "@vaadin/vaadin-material-styles" "^1.2.0"
    "@vaadin/vaadin-themable-mixin" "^1.6.1"

"@vaadin/vaadin-text-field@^2.8.0":
  version "2.8.2"
  resolved "https://registry.yarnpkg.com/@vaadin/vaadin-text-field/-/vaadin-text-field-2.8.2.tgz#163c6ba89caafbc3d1fea0c491a26c0ed3045ffb"
  integrity sha512-Ssgb/oqc1rtnMCD3TK13Hn0zfpiyVbY6Sddov4213HCH0/x3lI1/CG13MlN6Kwn4tPLliwwMJG1qm1w96ANxYQ==
  dependencies:
    "@polymer/polymer" "^3.0.0"
    "@vaadin/vaadin-control-state-mixin" "^2.2.1"
    "@vaadin/vaadin-element-mixin" "^2.4.1"
    "@vaadin/vaadin-lumo-styles" "^1.6.0"
    "@vaadin/vaadin-material-styles" "^1.3.2"
    "@vaadin/vaadin-themable-mixin" "^1.6.1"

"@vaadin/vaadin-themable-mixin@^1.6.1":
  version "1.6.2"
  resolved "https://registry.yarnpkg.com/@vaadin/vaadin-themable-mixin/-/vaadin-themable-mixin-1.6.2.tgz#8d619722819ba850af777579a550ff8b1d2b960f"
  integrity sha512-PZZOZnke3KUlZsDrRVbWxAGEeFBPRyRayNRCvip0XnQK+Zs3cLuRgdgbdro3Ir9LZ3Izsw6HqA6XNMKffEP67A==
  dependencies:
    "@polymer/polymer" "^3.0.0"
    lit-element "^2.0.0"

"@vaadin/vaadin-usage-statistics@^2.1.0":
  version "2.1.0"
  resolved "https://registry.yarnpkg.com/@vaadin/vaadin-usage-statistics/-/vaadin-usage-statistics-2.1.0.tgz#9c0fd71dded80f401bcdfbcb3f45b5640fc4256d"
  integrity sha512-e81nbqY5zsaYhLJuOVkJkB/Um1pGK5POIqIlTNhUfjeoyGaJ63tiX8+D5n6F+GgVxUTLUarsKa6SKRcQel0AzA==
  dependencies:
    "@vaadin/vaadin-development-mode-detector" "^2.0.0"

"@webcomponents/shadycss@^1.9.1":
  version "1.10.2"
  resolved "https://registry.yarnpkg.com/@webcomponents/shadycss/-/shadycss-1.10.2.tgz#40e03cab6dc5e12f199949ba2b79e02f183d1e7b"
  integrity sha512-9Iseu8bRtecb0klvv+WXZOVZatsRkbaH7M97Z+f+Pt909R4lDfgUODAnra23DOZTpeMTAkVpf4m/FZztN7Ox1A==

bowser@^2.8.1:
  version "2.11.0"
  resolved "https://registry.yarnpkg.com/bowser/-/bowser-2.11.0.tgz#5ca3c35757a7aa5771500c70a73a9f91ef420a8f"
  integrity sha512-AlcaJBi/pqqJBIQ8U9Mcpc9i8Aqxn88Skv5d+xBX006BY5u8N3mGLHa5Lgppa7L/HfwgwLgZ6NYs+Ag6uUmJRA==

lit-element@^2.0.0, lit-element@^2.0.1, lit-element@^2.1.0, lit-element@^2.2.0, lit-element@^2.2.1, lit-element@^2.3.0:
  version "2.4.0"
  resolved "https://registry.yarnpkg.com/lit-element/-/lit-element-2.4.0.tgz#b22607a037a8fc08f5a80736dddf7f3f5d401452"
  integrity sha512-pBGLglxyhq/Prk2H91nA0KByq/hx/wssJBQFiYqXhGDvEnY31PRGYf1RglVzyLeRysu0IHm2K0P196uLLWmwFg==
  dependencies:
    lit-html "^1.1.1"

lit-html@^1.1.1, lit-html@^1.1.2:
  version "1.3.0"
  resolved "https://registry.yarnpkg.com/lit-html/-/lit-html-1.3.0.tgz#c80f3cc5793a6dea6c07172be90a70ab20e56034"
  integrity sha512-0Q1bwmaFH9O14vycPHw8C/IeHMk/uSDldVLIefu/kfbTBGIc44KGH6A8p1bDfxUfHdc8q6Ct7kQklWoHgr4t1Q==

lodash-es@^4.17.15:
  version "4.17.20"
  resolved "https://registry.yarnpkg.com/lodash-es/-/lodash-es-4.17.20.tgz#29f6332eefc60e849f869c264bc71126ad61e8f7"
  integrity sha512-JD1COMZsq8maT6mnuz1UMV0jvYD0E0aUsSOdrr1/nAG3dhqQXwRRgeW0cSqH1U43INKcqxaiVIQNOUDld7gRDA==

moment@^2.24.0:
  version "2.29.1"
  resolved "https://registry.yarnpkg.com/moment/-/moment-2.29.1.tgz#b2be769fa31940be9eeea6469c075e35006fa3d3"
  integrity sha512-kHmoybcPV8Sqy59DwNDY3Jefr64lK/by/da0ViFcuA4DH0vQg5Q6Ze5VimxkfQNSC+Mls/Kx53s7TjP1RhFEDQ==

pwa-helpers@^0.9.1:
  version "0.9.1"
  resolved "https://registry.yarnpkg.com/pwa-helpers/-/pwa-helpers-0.9.1.tgz#9ea22fa1996ab97df73b276cae962621c3fd2532"
  integrity sha512-4sP/C9sSxQ3w80AATmvCEI3R+MHzCwr2RSZEbLyMkeJgV3cRk7ySZRUrQnBDSA7A0/z6dkYtjuXlkhN1ZFw3iA==

tslib@2.1.0, tslib@^1.9.3, tslib@^2.0.1:
  version "2.1.0"
  resolved "https://registry.yarnpkg.com/tslib/-/tslib-2.1.0.tgz#da60860f1c2ecaa5703ab7d39bc05b6bf988b97a"
  integrity sha512-hcVC3wYEziELGGmEEXue7D75zbwIIVUMWAVbHItGPx0ziyXxrOMQx4rQEVEV45Ut/1IotuEvwqPopzIOkDMf0A==
